// !$*UTF8*$!
{
	archiveVersion = 1;
	classes = {
	};
	objectVersion = 56;
	objects = {

/* Begin PBXBuildFile section */
		0203129A2B6CEBBF0069BCC3 /* Roboto-Medium.ttf in Resources */ = {isa = PBXBuildFile; fileRef = 0203128D2B6CEBBF0069BCC3 /* Roboto-Medium.ttf */; };
		0203129B2B6CEBBF0069BCC3 /* Roboto-Light.ttf in Resources */ = {isa = PBXBuildFile; fileRef = 0203128E2B6CEBBF0069BCC3 /* Roboto-Light.ttf */; };
		0203129C2B6CEBBF0069BCC3 /* Roboto-Regular.ttf in Resources */ = {isa = PBXBuildFile; fileRef = 0203128F2B6CEBBF0069BCC3 /* Roboto-Regular.ttf */; };
		0203129D2B6CEBBF0069BCC3 /* Roboto-MediumItalic.ttf in Resources */ = {isa = PBXBuildFile; fileRef = 020312902B6CEBBF0069BCC3 /* Roboto-MediumItalic.ttf */; };
		0203129E2B6CEBBF0069BCC3 /* Roboto-ThinItalic.ttf in Resources */ = {isa = PBXBuildFile; fileRef = 020312912B6CEBBF0069BCC3 /* Roboto-ThinItalic.ttf */; };
		0203129F2B6CEBBF0069BCC3 /* Roboto-BoldItalic.ttf in Resources */ = {isa = PBXBuildFile; fileRef = 020312922B6CEBBF0069BCC3 /* Roboto-BoldItalic.ttf */; };
		020312A02B6CEBBF0069BCC3 /* Roboto-LightItalic.ttf in Resources */ = {isa = PBXBuildFile; fileRef = 020312932B6CEBBF0069BCC3 /* Roboto-LightItalic.ttf */; };
		020312A12B6CEBBF0069BCC3 /* Roboto-Italic.ttf in Resources */ = {isa = PBXBuildFile; fileRef = 020312942B6CEBBF0069BCC3 /* Roboto-Italic.ttf */; };
		020312A22B6CEBBF0069BCC3 /* LICENSE.txt in Resources */ = {isa = PBXBuildFile; fileRef = 020312952B6CEBBF0069BCC3 /* LICENSE.txt */; };
		020312A32B6CEBBF0069BCC3 /* Roboto-BlackItalic.ttf in Resources */ = {isa = PBXBuildFile; fileRef = 020312962B6CEBBF0069BCC3 /* Roboto-BlackItalic.ttf */; };
		020312A42B6CEBBF0069BCC3 /* Roboto-Bold.ttf in Resources */ = {isa = PBXBuildFile; fileRef = 020312972B6CEBBF0069BCC3 /* Roboto-Bold.ttf */; };
		020312A52B6CEBBF0069BCC3 /* Roboto-Thin.ttf in Resources */ = {isa = PBXBuildFile; fileRef = 020312982B6CEBBF0069BCC3 /* Roboto-Thin.ttf */; };
		020312A62B6CEBBF0069BCC3 /* Roboto-Black.ttf in Resources */ = {isa = PBXBuildFile; fileRef = 020312992B6CEBBF0069BCC3 /* Roboto-Black.ttf */; };
		020312A82B6D13F90069BCC3 /* UIColor+Extension.swift in Sources */ = {isa = PBXBuildFile; fileRef = 020312A72B6D13F90069BCC3 /* UIColor+Extension.swift */; };
		020312AB2B6D15FE0069BCC3 /* AppColors.swift in Sources */ = {isa = PBXBuildFile; fileRef = 020312AA2B6D15FE0069BCC3 /* AppColors.swift */; };
		020312B02B6F5CAB0069BCC3 /* Coordinator.swift in Sources */ = {isa = PBXBuildFile; fileRef = 020312AF2B6F5CAB0069BCC3 /* Coordinator.swift */; };
		020312B22B6F63EB0069BCC3 /* AppCoordinator.swift in Sources */ = {isa = PBXBuildFile; fileRef = 020312B12B6F63EB0069BCC3 /* AppCoordinator.swift */; };
		020312B42B6F64A10069BCC3 /* OnboardingCoordinator.swift in Sources */ = {isa = PBXBuildFile; fileRef = 020312B32B6F64A00069BCC3 /* OnboardingCoordinator.swift */; };
		020312B62B6F73490069BCC3 /* HomeCoordinator.swift in Sources */ = {isa = PBXBuildFile; fileRef = 020312B52B6F73490069BCC3 /* HomeCoordinator.swift */; };
		020312B82B6F739B0069BCC3 /* OrderCoordinator.swift in Sources */ = {isa = PBXBuildFile; fileRef = 020312B72B6F739B0069BCC3 /* OrderCoordinator.swift */; };
		020312BA2B6F73D20069BCC3 /* ListCoordinator.swift in Sources */ = {isa = PBXBuildFile; fileRef = 020312B92B6F73D20069BCC3 /* ListCoordinator.swift */; };
		020312BC2B6F740D0069BCC3 /* ProfileCoordinator.swift in Sources */ = {isa = PBXBuildFile; fileRef = 020312BB2B6F740D0069BCC3 /* ProfileCoordinator.swift */; };
		020312BE2B6F746B0069BCC3 /* TabBarController.swift in Sources */ = {isa = PBXBuildFile; fileRef = 020312BD2B6F746B0069BCC3 /* TabBarController.swift */; };
		020312C22B6FB7B70069BCC3 /* OnboardingViewController.swift in Sources */ = {isa = PBXBuildFile; fileRef = 020312C12B6FB7B70069BCC3 /* OnboardingViewController.swift */; };
		020312C42B6FB8260069BCC3 /* OnboardingViewPresenter.swift in Sources */ = {isa = PBXBuildFile; fileRef = 020312C32B6FB8260069BCC3 /* OnboardingViewPresenter.swift */; };
		020312C62B6FC54D0069BCC3 /* OnboardingPartViewController.swift in Sources */ = {isa = PBXBuildFile; fileRef = 020312C52B6FC54D0069BCC3 /* OnboardingPartViewController.swift */; };
		0288C0F62B6925CC009275C4 /* AppDelegate.swift in Sources */ = {isa = PBXBuildFile; fileRef = 0288C0F52B6925CC009275C4 /* AppDelegate.swift */; };
		0288C0F82B6925CC009275C4 /* SceneDelegate.swift in Sources */ = {isa = PBXBuildFile; fileRef = 0288C0F72B6925CC009275C4 /* SceneDelegate.swift */; };
		0288C0FA2B6925CC009275C4 /* ViewController.swift in Sources */ = {isa = PBXBuildFile; fileRef = 0288C0F92B6925CC009275C4 /* ViewController.swift */; };
		0288C0FF2B6925CD009275C4 /* Assets.xcassets in Resources */ = {isa = PBXBuildFile; fileRef = 0288C0FE2B6925CD009275C4 /* Assets.xcassets */; };
		0288C1022B6925CD009275C4 /* LaunchScreen.storyboard in Resources */ = {isa = PBXBuildFile; fileRef = 0288C1002B6925CD009275C4 /* LaunchScreen.storyboard */; };
		02E8ABF42B6CC9E1002C33C3 /* UIFonts+Extension.swift in Sources */ = {isa = PBXBuildFile; fileRef = 02E8ABF32B6CC9E1002C33C3 /* UIFonts+Extension.swift */; };
/* End PBXBuildFile section */

/* Begin PBXFileReference section */
		0203128D2B6CEBBF0069BCC3 /* Roboto-Medium.ttf */ = {isa = PBXFileReference; lastKnownFileType = file; path = "Roboto-Medium.ttf"; sourceTree = "<group>"; };
		0203128E2B6CEBBF0069BCC3 /* Roboto-Light.ttf */ = {isa = PBXFileReference; lastKnownFileType = file; path = "Roboto-Light.ttf"; sourceTree = "<group>"; };
		0203128F2B6CEBBF0069BCC3 /* Roboto-Regular.ttf */ = {isa = PBXFileReference; lastKnownFileType = file; path = "Roboto-Regular.ttf"; sourceTree = "<group>"; };
		020312902B6CEBBF0069BCC3 /* Roboto-MediumItalic.ttf */ = {isa = PBXFileReference; lastKnownFileType = file; path = "Roboto-MediumItalic.ttf"; sourceTree = "<group>"; };
		020312912B6CEBBF0069BCC3 /* Roboto-ThinItalic.ttf */ = {isa = PBXFileReference; lastKnownFileType = file; path = "Roboto-ThinItalic.ttf"; sourceTree = "<group>"; };
		020312922B6CEBBF0069BCC3 /* Roboto-BoldItalic.ttf */ = {isa = PBXFileReference; lastKnownFileType = file; path = "Roboto-BoldItalic.ttf"; sourceTree = "<group>"; };
		020312932B6CEBBF0069BCC3 /* Roboto-LightItalic.ttf */ = {isa = PBXFileReference; lastKnownFileType = file; path = "Roboto-LightItalic.ttf"; sourceTree = "<group>"; };
		020312942B6CEBBF0069BCC3 /* Roboto-Italic.ttf */ = {isa = PBXFileReference; lastKnownFileType = file; path = "Roboto-Italic.ttf"; sourceTree = "<group>"; };
		020312952B6CEBBF0069BCC3 /* LICENSE.txt */ = {isa = PBXFileReference; fileEncoding = 4; lastKnownFileType = text; path = LICENSE.txt; sourceTree = "<group>"; };
		020312962B6CEBBF0069BCC3 /* Roboto-BlackItalic.ttf */ = {isa = PBXFileReference; lastKnownFileType = file; path = "Roboto-BlackItalic.ttf"; sourceTree = "<group>"; };
		020312972B6CEBBF0069BCC3 /* Roboto-Bold.ttf */ = {isa = PBXFileReference; lastKnownFileType = file; path = "Roboto-Bold.ttf"; sourceTree = "<group>"; };
		020312982B6CEBBF0069BCC3 /* Roboto-Thin.ttf */ = {isa = PBXFileReference; lastKnownFileType = file; path = "Roboto-Thin.ttf"; sourceTree = "<group>"; };
		020312992B6CEBBF0069BCC3 /* Roboto-Black.ttf */ = {isa = PBXFileReference; lastKnownFileType = file; path = "Roboto-Black.ttf"; sourceTree = "<group>"; };
		020312A72B6D13F90069BCC3 /* UIColor+Extension.swift */ = {isa = PBXFileReference; lastKnownFileType = sourcecode.swift; path = "UIColor+Extension.swift"; sourceTree = "<group>"; };
		020312AA2B6D15FE0069BCC3 /* AppColors.swift */ = {isa = PBXFileReference; lastKnownFileType = sourcecode.swift; path = AppColors.swift; sourceTree = "<group>"; };
		020312AF2B6F5CAB0069BCC3 /* Coordinator.swift */ = {isa = PBXFileReference; lastKnownFileType = sourcecode.swift; path = Coordinator.swift; sourceTree = "<group>"; };
		020312B12B6F63EB0069BCC3 /* AppCoordinator.swift */ = {isa = PBXFileReference; lastKnownFileType = sourcecode.swift; path = AppCoordinator.swift; sourceTree = "<group>"; };
		020312B32B6F64A00069BCC3 /* OnboardingCoordinator.swift */ = {isa = PBXFileReference; lastKnownFileType = sourcecode.swift; path = OnboardingCoordinator.swift; sourceTree = "<group>"; };
		020312B52B6F73490069BCC3 /* HomeCoordinator.swift */ = {isa = PBXFileReference; lastKnownFileType = sourcecode.swift; path = HomeCoordinator.swift; sourceTree = "<group>"; };
		020312B72B6F739B0069BCC3 /* OrderCoordinator.swift */ = {isa = PBXFileReference; lastKnownFileType = sourcecode.swift; path = OrderCoordinator.swift; sourceTree = "<group>"; };
		020312B92B6F73D20069BCC3 /* ListCoordinator.swift */ = {isa = PBXFileReference; lastKnownFileType = sourcecode.swift; path = ListCoordinator.swift; sourceTree = "<group>"; };
		020312BB2B6F740D0069BCC3 /* ProfileCoordinator.swift */ = {isa = PBXFileReference; lastKnownFileType = sourcecode.swift; path = ProfileCoordinator.swift; sourceTree = "<group>"; };
		020312BD2B6F746B0069BCC3 /* TabBarController.swift */ = {isa = PBXFileReference; lastKnownFileType = sourcecode.swift; path = TabBarController.swift; sourceTree = "<group>"; };
		020312C12B6FB7B70069BCC3 /* OnboardingViewController.swift */ = {isa = PBXFileReference; lastKnownFileType = sourcecode.swift; path = OnboardingViewController.swift; sourceTree = "<group>"; };
		020312C32B6FB8260069BCC3 /* OnboardingViewPresenter.swift */ = {isa = PBXFileReference; lastKnownFileType = sourcecode.swift; path = OnboardingViewPresenter.swift; sourceTree = "<group>"; };
		020312C52B6FC54D0069BCC3 /* OnboardingPartViewController.swift */ = {isa = PBXFileReference; lastKnownFileType = sourcecode.swift; path = OnboardingPartViewController.swift; sourceTree = "<group>"; };
		0288C0F22B6925CC009275C4 /* FoodDeliveryApp.app */ = {isa = PBXFileReference; explicitFileType = wrapper.application; includeInIndex = 0; path = FoodDeliveryApp.app; sourceTree = BUILT_PRODUCTS_DIR; };
		0288C0F52B6925CC009275C4 /* AppDelegate.swift */ = {isa = PBXFileReference; lastKnownFileType = sourcecode.swift; path = AppDelegate.swift; sourceTree = "<group>"; };
		0288C0F72B6925CC009275C4 /* SceneDelegate.swift */ = {isa = PBXFileReference; lastKnownFileType = sourcecode.swift; path = SceneDelegate.swift; sourceTree = "<group>"; };
		0288C0F92B6925CC009275C4 /* ViewController.swift */ = {isa = PBXFileReference; lastKnownFileType = sourcecode.swift; path = ViewController.swift; sourceTree = "<group>"; };
		0288C0FE2B6925CD009275C4 /* Assets.xcassets */ = {isa = PBXFileReference; lastKnownFileType = folder.assetcatalog; path = Assets.xcassets; sourceTree = "<group>"; };
		0288C1012B6925CD009275C4 /* Base */ = {isa = PBXFileReference; lastKnownFileType = file.storyboard; name = Base; path = Base.lproj/LaunchScreen.storyboard; sourceTree = "<group>"; };
		0288C1032B6925CD009275C4 /* Info.plist */ = {isa = PBXFileReference; lastKnownFileType = text.plist.xml; path = Info.plist; sourceTree = "<group>"; };
		02E8ABF32B6CC9E1002C33C3 /* UIFonts+Extension.swift */ = {isa = PBXFileReference; lastKnownFileType = sourcecode.swift; path = "UIFonts+Extension.swift"; sourceTree = "<group>"; };
/* End PBXFileReference section */

/* Begin PBXFrameworksBuildPhase section */
		0288C0EF2B6925CC009275C4 /* Frameworks */ = {
			isa = PBXFrameworksBuildPhase;
			buildActionMask = 2147483647;
			files = (
			);
			runOnlyForDeploymentPostprocessing = 0;
		};
/* End PBXFrameworksBuildPhase section */

/* Begin PBXGroup section */
		0203128C2B6CEBBF0069BCC3 /* Roboto */ = {
			isa = PBXGroup;
			children = (
				0203128D2B6CEBBF0069BCC3 /* Roboto-Medium.ttf */,
				0203128E2B6CEBBF0069BCC3 /* Roboto-Light.ttf */,
				0203128F2B6CEBBF0069BCC3 /* Roboto-Regular.ttf */,
				020312902B6CEBBF0069BCC3 /* Roboto-MediumItalic.ttf */,
				020312912B6CEBBF0069BCC3 /* Roboto-ThinItalic.ttf */,
				020312922B6CEBBF0069BCC3 /* Roboto-BoldItalic.ttf */,
				020312932B6CEBBF0069BCC3 /* Roboto-LightItalic.ttf */,
				020312942B6CEBBF0069BCC3 /* Roboto-Italic.ttf */,
				020312952B6CEBBF0069BCC3 /* LICENSE.txt */,
				020312962B6CEBBF0069BCC3 /* Roboto-BlackItalic.ttf */,
				020312972B6CEBBF0069BCC3 /* Roboto-Bold.ttf */,
				020312982B6CEBBF0069BCC3 /* Roboto-Thin.ttf */,
				020312992B6CEBBF0069BCC3 /* Roboto-Black.ttf */,
			);
			path = Roboto;
			sourceTree = "<group>";
		};
		020312AC2B6F5C530069BCC3 /* NavigationLayer */ = {
			isa = PBXGroup;
			children = (
				020312AE2B6F5C890069BCC3 /* Coordinators */,
				020312AD2B6F5C810069BCC3 /* Controllers */,
			);
			path = NavigationLayer;
			sourceTree = "<group>";
		};
		020312AD2B6F5C810069BCC3 /* Controllers */ = {
			isa = PBXGroup;
			children = (
				020312BD2B6F746B0069BCC3 /* TabBarController.swift */,
			);
			path = Controllers;
			sourceTree = "<group>";
		};
		020312AE2B6F5C890069BCC3 /* Coordinators */ = {
			isa = PBXGroup;
			children = (
				020312AF2B6F5CAB0069BCC3 /* Coordinator.swift */,
				020312B12B6F63EB0069BCC3 /* AppCoordinator.swift */,
				020312B32B6F64A00069BCC3 /* OnboardingCoordinator.swift */,
				020312B52B6F73490069BCC3 /* HomeCoordinator.swift */,
				020312B72B6F739B0069BCC3 /* OrderCoordinator.swift */,
				020312B92B6F73D20069BCC3 /* ListCoordinator.swift */,
				020312BB2B6F740D0069BCC3 /* ProfileCoordinator.swift */,
			);
			path = Coordinators;
			sourceTree = "<group>";
		};
		020312BF2B6FB74E0069BCC3 /* UILayer */ = {
			isa = PBXGroup;
			children = (
				020312C02B6FB78E0069BCC3 /* Onboarding */,
			);
			path = UILayer;
			sourceTree = "<group>";
		};
		020312C02B6FB78E0069BCC3 /* Onboarding */ = {
			isa = PBXGroup;
			children = (
				020312C12B6FB7B70069BCC3 /* OnboardingViewController.swift */,
				020312C32B6FB8260069BCC3 /* OnboardingViewPresenter.swift */,
				020312C52B6FC54D0069BCC3 /* OnboardingPartViewController.swift */,
			);
			path = Onboarding;
			sourceTree = "<group>";
		};
		0288C0E92B6925CC009275C4 = {
			isa = PBXGroup;
			children = (
				0288C0F42B6925CC009275C4 /* FoodDeliveryApp */,
				0288C0F32B6925CC009275C4 /* Products */,
			);
			sourceTree = "<group>";
		};
		0288C0F32B6925CC009275C4 /* Products */ = {
			isa = PBXGroup;
			children = (
				0288C0F22B6925CC009275C4 /* FoodDeliveryApp.app */,
			);
			name = Products;
			sourceTree = "<group>";
		};
		0288C0F42B6925CC009275C4 /* FoodDeliveryApp */ = {
			isa = PBXGroup;
			children = (
				020312BF2B6FB74E0069BCC3 /* UILayer */,
				020312AC2B6F5C530069BCC3 /* NavigationLayer */,
				02E8ABEE2B6CC7A0002C33C3 /* Resourses */,
				0288C0F52B6925CC009275C4 /* AppDelegate.swift */,
				0288C0F72B6925CC009275C4 /* SceneDelegate.swift */,
				0288C0F92B6925CC009275C4 /* ViewController.swift */,
				0288C0FE2B6925CD009275C4 /* Assets.xcassets */,
				0288C1002B6925CD009275C4 /* LaunchScreen.storyboard */,
				0288C1032B6925CD009275C4 /* Info.plist */,
			);
			path = FoodDeliveryApp;
			sourceTree = "<group>";
		};
		02E8ABEE2B6CC7A0002C33C3 /* Resourses */ = {
			isa = PBXGroup;
			children = (
				020312AA2B6D15FE0069BCC3 /* AppColors.swift */,
				02E8ABF22B6CC9CA002C33C3 /* Extensions */,
				02E8ABEF2B6CC7B4002C33C3 /* Fonts */,
			);
			path = Resourses;
			sourceTree = "<group>";
		};
		02E8ABEF2B6CC7B4002C33C3 /* Fonts */ = {
			isa = PBXGroup;
			children = (
				0203128C2B6CEBBF0069BCC3 /* Roboto */,
			);
			path = Fonts;
			sourceTree = "<group>";
		};
		02E8ABF22B6CC9CA002C33C3 /* Extensions */ = {
			isa = PBXGroup;
			children = (
				02E8ABF32B6CC9E1002C33C3 /* UIFonts+Extension.swift */,
				020312A72B6D13F90069BCC3 /* UIColor+Extension.swift */,
			);
			path = Extensions;
			sourceTree = "<group>";
		};
/* End PBXGroup section */

/* Begin PBXNativeTarget section */
		0288C0F12B6925CC009275C4 /* FoodDeliveryApp */ = {
			isa = PBXNativeTarget;
			buildConfigurationList = 0288C1062B6925CD009275C4 /* Build configuration list for PBXNativeTarget "FoodDeliveryApp" */;
			buildPhases = (
				0288C0EE2B6925CC009275C4 /* Sources */,
				0288C0EF2B6925CC009275C4 /* Frameworks */,
				0288C0F02B6925CC009275C4 /* Resources */,
			);
			buildRules = (
			);
			dependencies = (
			);
			name = FoodDeliveryApp;
			productName = FoodDeliveryApp;
			productReference = 0288C0F22B6925CC009275C4 /* FoodDeliveryApp.app */;
			productType = "com.apple.product-type.application";
		};
/* End PBXNativeTarget section */

/* Begin PBXProject section */
		0288C0EA2B6925CC009275C4 /* Project object */ = {
			isa = PBXProject;
			attributes = {
				BuildIndependentTargetsInParallel = 1;
				LastSwiftUpdateCheck = 1520;
				LastUpgradeCheck = 1520;
				TargetAttributes = {
					0288C0F12B6925CC009275C4 = {
						CreatedOnToolsVersion = 15.2;
					};
				};
			};
			buildConfigurationList = 0288C0ED2B6925CC009275C4 /* Build configuration list for PBXProject "FoodDeliveryApp" */;
			compatibilityVersion = "Xcode 14.0";
			developmentRegion = en;
			hasScannedForEncodings = 0;
			knownRegions = (
				en,
				Base,
			);
			mainGroup = 0288C0E92B6925CC009275C4;
			productRefGroup = 0288C0F32B6925CC009275C4 /* Products */;
			projectDirPath = "";
			projectRoot = "";
			targets = (
				0288C0F12B6925CC009275C4 /* FoodDeliveryApp */,
			);
		};
/* End PBXProject section */

/* Begin PBXResourcesBuildPhase section */
		0288C0F02B6925CC009275C4 /* Resources */ = {
			isa = PBXResourcesBuildPhase;
			buildActionMask = 2147483647;
			files = (
				020312A52B6CEBBF0069BCC3 /* Roboto-Thin.ttf in Resources */,
				020312A22B6CEBBF0069BCC3 /* LICENSE.txt in Resources */,
				020312A62B6CEBBF0069BCC3 /* Roboto-Black.ttf in Resources */,
				020312A42B6CEBBF0069BCC3 /* Roboto-Bold.ttf in Resources */,
				0288C1022B6925CD009275C4 /* LaunchScreen.storyboard in Resources */,
				0288C0FF2B6925CD009275C4 /* Assets.xcassets in Resources */,
				0203129F2B6CEBBF0069BCC3 /* Roboto-BoldItalic.ttf in Resources */,
				0203129C2B6CEBBF0069BCC3 /* Roboto-Regular.ttf in Resources */,
				0203129E2B6CEBBF0069BCC3 /* Roboto-ThinItalic.ttf in Resources */,
				020312A02B6CEBBF0069BCC3 /* Roboto-LightItalic.ttf in Resources */,
				020312A32B6CEBBF0069BCC3 /* Roboto-BlackItalic.ttf in Resources */,
				0203129B2B6CEBBF0069BCC3 /* Roboto-Light.ttf in Resources */,
				020312A12B6CEBBF0069BCC3 /* Roboto-Italic.ttf in Resources */,
				0203129D2B6CEBBF0069BCC3 /* Roboto-MediumItalic.ttf in Resources */,
				0203129A2B6CEBBF0069BCC3 /* Roboto-Medium.ttf in Resources */,
			);
			runOnlyForDeploymentPostprocessing = 0;
		};
/* End PBXResourcesBuildPhase section */

/* Begin PBXSourcesBuildPhase section */
		0288C0EE2B6925CC009275C4 /* Sources */ = {
			isa = PBXSourcesBuildPhase;
			buildActionMask = 2147483647;
			files = (
				0288C0FA2B6925CC009275C4 /* ViewController.swift in Sources */,
				0288C0F62B6925CC009275C4 /* AppDelegate.swift in Sources */,
				02E8ABF42B6CC9E1002C33C3 /* UIFonts+Extension.swift in Sources */,
				020312AB2B6D15FE0069BCC3 /* AppColors.swift in Sources */,
				020312B42B6F64A10069BCC3 /* OnboardingCoordinator.swift in Sources */,
				020312B22B6F63EB0069BCC3 /* AppCoordinator.swift in Sources */,
				020312B82B6F739B0069BCC3 /* OrderCoordinator.swift in Sources */,
				020312C22B6FB7B70069BCC3 /* OnboardingViewController.swift in Sources */,
				0288C0F82B6925CC009275C4 /* SceneDelegate.swift in Sources */,
				020312BC2B6F740D0069BCC3 /* ProfileCoordinator.swift in Sources */,
				020312BA2B6F73D20069BCC3 /* ListCoordinator.swift in Sources */,
				020312B62B6F73490069BCC3 /* HomeCoordinator.swift in Sources */,
				020312BE2B6F746B0069BCC3 /* TabBarController.swift in Sources */,
				020312C62B6FC54D0069BCC3 /* OnboardingPartViewController.swift in Sources */,
				020312A82B6D13F90069BCC3 /* UIColor+Extension.swift in Sources */,
				020312C42B6FB8260069BCC3 /* OnboardingViewPresenter.swift in Sources */,
				020312B02B6F5CAB0069BCC3 /* Coordinator.swift in Sources */,
			);
			runOnlyForDeploymentPostprocessing = 0;
		};
/* End PBXSourcesBuildPhase section */

/* Begin PBXVariantGroup section */
		0288C1002B6925CD009275C4 /* LaunchScreen.storyboard */ = {
			isa = PBXVariantGroup;
			children = (
				0288C1012B6925CD009275C4 /* Base */,
			);
			name = LaunchScreen.storyboard;
			sourceTree = "<group>";
		};
/* End PBXVariantGroup section */

/* Begin XCBuildConfiguration section */
		0288C1042B6925CD009275C4 /* Debug */ = {
			isa = XCBuildConfiguration;
			buildSettings = {
				ALWAYS_SEARCH_USER_PATHS = NO;
				ASSETCATALOG_COMPILER_GENERATE_SWIFT_ASSET_SYMBOL_EXTENSIONS = YES;
				CLANG_ANALYZER_NONNULL = YES;
				CLANG_ANALYZER_NUMBER_OBJECT_CONVERSION = YES_AGGRESSIVE;
				CLANG_CXX_LANGUAGE_STANDARD = "gnu++20";
				CLANG_ENABLE_MODULES = YES;
				CLANG_ENABLE_OBJC_ARC = YES;
				CLANG_ENABLE_OBJC_WEAK = YES;
				CLANG_WARN_BLOCK_CAPTURE_AUTORELEASING = YES;
				CLANG_WARN_BOOL_CONVERSION = YES;
				CLANG_WARN_COMMA = YES;
				CLANG_WARN_CONSTANT_CONVERSION = YES;
				CLANG_WARN_DEPRECATED_OBJC_IMPLEMENTATIONS = YES;
				CLANG_WARN_DIRECT_OBJC_ISA_USAGE = YES_ERROR;
				CLANG_WARN_DOCUMENTATION_COMMENTS = YES;
				CLANG_WARN_EMPTY_BODY = YES;
				CLANG_WARN_ENUM_CONVERSION = YES;
				CLANG_WARN_INFINITE_RECURSION = YES;
				CLANG_WARN_INT_CONVERSION = YES;
				CLANG_WARN_NON_LITERAL_NULL_CONVERSION = YES;
				CLANG_WARN_OBJC_IMPLICIT_RETAIN_SELF = YES;
				CLANG_WARN_OBJC_LITERAL_CONVERSION = YES;
				CLANG_WARN_OBJC_ROOT_CLASS = YES_ERROR;
				CLANG_WARN_QUOTED_INCLUDE_IN_FRAMEWORK_HEADER = YES;
				CLANG_WARN_RANGE_LOOP_ANALYSIS = YES;
				CLANG_WARN_STRICT_PROTOTYPES = YES;
				CLANG_WARN_SUSPICIOUS_MOVE = YES;
				CLANG_WARN_UNGUARDED_AVAILABILITY = YES_AGGRESSIVE;
				CLANG_WARN_UNREACHABLE_CODE = YES;
				CLANG_WARN__DUPLICATE_METHOD_MATCH = YES;
				COPY_PHASE_STRIP = NO;
				DEBUG_INFORMATION_FORMAT = dwarf;
				ENABLE_STRICT_OBJC_MSGSEND = YES;
				ENABLE_TESTABILITY = YES;
				ENABLE_USER_SCRIPT_SANDBOXING = YES;
				GCC_C_LANGUAGE_STANDARD = gnu17;
				GCC_DYNAMIC_NO_PIC = NO;
				GCC_NO_COMMON_BLOCKS = YES;
				GCC_OPTIMIZATION_LEVEL = 0;
				GCC_PREPROCESSOR_DEFINITIONS = (
					"DEBUG=1",
					"$(inherited)",
				);
				GCC_WARN_64_TO_32_BIT_CONVERSION = YES;
				GCC_WARN_ABOUT_RETURN_TYPE = YES_ERROR;
				GCC_WARN_UNDECLARED_SELECTOR = YES;
				GCC_WARN_UNINITIALIZED_AUTOS = YES_AGGRESSIVE;
				GCC_WARN_UNUSED_FUNCTION = YES;
				GCC_WARN_UNUSED_VARIABLE = YES;
				IPHONEOS_DEPLOYMENT_TARGET = 17.2;
				LOCALIZATION_PREFERS_STRING_CATALOGS = YES;
				MTL_ENABLE_DEBUG_INFO = INCLUDE_SOURCE;
				MTL_FAST_MATH = YES;
				ONLY_ACTIVE_ARCH = YES;
				SDKROOT = iphoneos;
				SWIFT_ACTIVE_COMPILATION_CONDITIONS = "DEBUG $(inherited)";
				SWIFT_OPTIMIZATION_LEVEL = "-Onone";
			};
			name = Debug;
		};
		0288C1052B6925CD009275C4 /* Release */ = {
			isa = XCBuildConfiguration;
			buildSettings = {
				ALWAYS_SEARCH_USER_PATHS = NO;
				ASSETCATALOG_COMPILER_GENERATE_SWIFT_ASSET_SYMBOL_EXTENSIONS = YES;
				CLANG_ANALYZER_NONNULL = YES;
				CLANG_ANALYZER_NUMBER_OBJECT_CONVERSION = YES_AGGRESSIVE;
				CLANG_CXX_LANGUAGE_STANDARD = "gnu++20";
				CLANG_ENABLE_MODULES = YES;
				CLANG_ENABLE_OBJC_ARC = YES;
				CLANG_ENABLE_OBJC_WEAK = YES;
				CLANG_WARN_BLOCK_CAPTURE_AUTORELEASING = YES;
				CLANG_WARN_BOOL_CONVERSION = YES;
				CLANG_WARN_COMMA = YES;
				CLANG_WARN_CONSTANT_CONVERSION = YES;
				CLANG_WARN_DEPRECATED_OBJC_IMPLEMENTATIONS = YES;
				CLANG_WARN_DIRECT_OBJC_ISA_USAGE = YES_ERROR;
				CLANG_WARN_DOCUMENTATION_COMMENTS = YES;
				CLANG_WARN_EMPTY_BODY = YES;
				CLANG_WARN_ENUM_CONVERSION = YES;
				CLANG_WARN_INFINITE_RECURSION = YES;
				CLANG_WARN_INT_CONVERSION = YES;
				CLANG_WARN_NON_LITERAL_NULL_CONVERSION = YES;
				CLANG_WARN_OBJC_IMPLICIT_RETAIN_SELF = YES;
				CLANG_WARN_OBJC_LITERAL_CONVERSION = YES;
				CLANG_WARN_OBJC_ROOT_CLASS = YES_ERROR;
				CLANG_WARN_QUOTED_INCLUDE_IN_FRAMEWORK_HEADER = YES;
				CLANG_WARN_RANGE_LOOP_ANALYSIS = YES;
				CLANG_WARN_STRICT_PROTOTYPES = YES;
				CLANG_WARN_SUSPICIOUS_MOVE = YES;
				CLANG_WARN_UNGUARDED_AVAILABILITY = YES_AGGRESSIVE;
				CLANG_WARN_UNREACHABLE_CODE = YES;
				CLANG_WARN__DUPLICATE_METHOD_MATCH = YES;
				COPY_PHASE_STRIP = NO;
				DEBUG_INFORMATION_FORMAT = "dwarf-with-dsym";
				ENABLE_NS_ASSERTIONS = NO;
				ENABLE_STRICT_OBJC_MSGSEND = YES;
				ENABLE_USER_SCRIPT_SANDBOXING = YES;
				GCC_C_LANGUAGE_STANDARD = gnu17;
				GCC_NO_COMMON_BLOCKS = YES;
				GCC_WARN_64_TO_32_BIT_CONVERSION = YES;
				GCC_WARN_ABOUT_RETURN_TYPE = YES_ERROR;
				GCC_WARN_UNDECLARED_SELECTOR = YES;
				GCC_WARN_UNINITIALIZED_AUTOS = YES_AGGRESSIVE;
				GCC_WARN_UNUSED_FUNCTION = YES;
				GCC_WARN_UNUSED_VARIABLE = YES;
				IPHONEOS_DEPLOYMENT_TARGET = 17.2;
				LOCALIZATION_PREFERS_STRING_CATALOGS = YES;
				MTL_ENABLE_DEBUG_INFO = NO;
				MTL_FAST_MATH = YES;
				SDKROOT = iphoneos;
				SWIFT_COMPILATION_MODE = wholemodule;
				VALIDATE_PRODUCT = YES;
			};
			name = Release;
		};
		0288C1072B6925CD009275C4 /* Debug */ = {
			isa = XCBuildConfiguration;
			buildSettings = {
				ASSETCATALOG_COMPILER_APPICON_NAME = AppIcon;
				ASSETCATALOG_COMPILER_GLOBAL_ACCENT_COLOR_NAME = AccentColor;
				CODE_SIGN_STYLE = Automatic;
				CURRENT_PROJECT_VERSION = 1;
				DEVELOPMENT_TEAM = 962T2B7968;
				GENERATE_INFOPLIST_FILE = YES;
				INFOPLIST_FILE = FoodDeliveryApp/Info.plist;
				INFOPLIST_KEY_UIApplicationSupportsIndirectInputEvents = YES;
				INFOPLIST_KEY_UILaunchStoryboardName = LaunchScreen;
				INFOPLIST_KEY_UISupportedInterfaceOrientations_iPad = "UIInterfaceOrientationPortrait UIInterfaceOrientationPortraitUpsideDown UIInterfaceOrientationLandscapeLeft UIInterfaceOrientationLandscapeRight";
				INFOPLIST_KEY_UISupportedInterfaceOrientations_iPhone = "UIInterfaceOrientationPortrait UIInterfaceOrientationLandscapeLeft UIInterfaceOrientationLandscapeRight";
				LD_RUNPATH_SEARCH_PATHS = (
					"$(inherited)",
					"@executable_path/Frameworks",
				);
				MARKETING_VERSION = 1.0;
				PRODUCT_BUNDLE_IDENTIFIER = com.dibureau.FoodDeliveryApp;
				PRODUCT_NAME = "$(TARGET_NAME)";
				SWIFT_EMIT_LOC_STRINGS = YES;
				SWIFT_VERSION = 5.0;
				TARGETED_DEVICE_FAMILY = "1,2";
			};
			name = Debug;
		};
		0288C1082B6925CD009275C4 /* Release */ = {
			isa = XCBuildConfiguration;
			buildSettings = {
				ASSETCATALOG_COMPILER_APPICON_NAME = AppIcon;
				ASSETCATALOG_COMPILER_GLOBAL_ACCENT_COLOR_NAME = AccentColor;
				CODE_SIGN_STYLE = Automatic;
				CURRENT_PROJECT_VERSION = 1;
				DEVELOPMENT_TEAM = 962T2B7968;
				GENERATE_INFOPLIST_FILE = YES;
				INFOPLIST_FILE = FoodDeliveryApp/Info.plist;
				INFOPLIST_KEY_UIApplicationSupportsIndirectInputEvents = YES;
				INFOPLIST_KEY_UILaunchStoryboardName = LaunchScreen;
				INFOPLIST_KEY_UISupportedInterfaceOrientations_iPad = "UIInterfaceOrientationPortrait UIInterfaceOrientationPortraitUpsideDown UIInterfaceOrientationLandscapeLeft UIInterfaceOrientationLandscapeRight";
				INFOPLIST_KEY_UISupportedInterfaceOrientations_iPhone = "UIInterfaceOrientationPortrait UIInterfaceOrientationLandscapeLeft UIInterfaceOrientationLandscapeRight";
				LD_RUNPATH_SEARCH_PATHS = (
					"$(inherited)",
					"@executable_path/Frameworks",
				);
				MARKETING_VERSION = 1.0;
				PRODUCT_BUNDLE_IDENTIFIER = com.dibureau.FoodDeliveryApp;
				PRODUCT_NAME = "$(TARGET_NAME)";
				SWIFT_EMIT_LOC_STRINGS = YES;
				SWIFT_VERSION = 5.0;
				TARGETED_DEVICE_FAMILY = "1,2";
			};
			name = Release;
		};
/* End XCBuildConfiguration section */

/* Begin XCConfigurationList section */
		0288C0ED2B6925CC009275C4 /* Build configuration list for PBXProject "FoodDeliveryApp" */ = {
			isa = XCConfigurationList;
			buildConfigurations = (
				0288C1042B6925CD009275C4 /* Debug */,
				0288C1052B6925CD009275C4 /* Release */,
			);
			defaultConfigurationIsVisible = 0;
			defaultConfigurationName = Release;
		};
		0288C1062B6925CD009275C4 /* Build configuration list for PBXNativeTarget "FoodDeliveryApp" */ = {
			isa = XCConfigurationList;
			buildConfigurations = (
				0288C1072B6925CD009275C4 /* Debug */,
				0288C1082B6925CD009275C4 /* Release */,
			);
			defaultConfigurationIsVisible = 0;
			defaultConfigurationName = Release;
		};
/* End XCConfigurationList section */
	};
	rootObject = 0288C0EA2B6925CC009275C4 /* Project object */;
}
